{"1.1.0",
[{<<"conf">>,{pkg,<<"conf">>,<<"1.0.18">>},0},
 {<<"iso8601">>,{pkg,<<"iso8601">>,<<"1.2.3">>},2},
 {<<"jiffy">>,{pkg,<<"jiffy">>,<<"0.14.11">>},1},
 {<<"pdm_logger">>,{pkg,<<"pdm_logger">>,<<"2.1.6">>},0},
 {<<"pipe">>,{pkg,<<"pipe">>,<<"1.0.4">>},1},
 {<<"process_group">>,{pkg,<<"process_group">>,<<"1.0.8">>},1},
 {<<"stream">>,{pkg,<<"stream">>,<<"1.0.5">>},1},
 {<<"time_utils">>,{pkg,<<"time_utils">>,<<"1.0.6">>},1}]}.
[
{pkg_hash,[
 {<<"conf">>, <<"45C1D0DC8874D9054185DFAD47F238416042D5F938911C27C9F864F1FEA15166">>},
 {<<"iso8601">>, <<"56D173EC568D42E95908797A9B7D27BCF0B377443277416733EB1A544A4A47C2">>},
 {<<"jiffy">>, <<"919A87D491C5A6B5E3BBC27FAFEDC3A0761CA0B4C405394F121F582FD4E3F0E5">>},
 {<<"pdm_logger">>, <<"3DFF95D1CF8922EB6994B3C149412A13C3849003CF2263E0EA446A890F19104B">>},
 {<<"pipe">>, <<"85D7CEFE5A7E7CCDD2B3E467036703DCDD68F566EE525A6BE6A0D48C2E2778E0">>},
 {<<"process_group">>, <<"6BD9D1DC923CB8E76182132B996A6A32D9508535D56BBB092CE1F79622C10BE3">>},
 {<<"stream">>, <<"1B8E9AA2B276C03C8BC45188078DB60361BE041DC39F79B5048089C501B87533">>},
 {<<"time_utils">>, <<"00067A565EA723C756A0A8101746F0BDB1BEDC7BCC70F8FC0487D88B70757796">>}]}
].
